
Microsoft Visual Studio Solution File, Format Version 12.00
# Visual Studio Version 17
VisualStudioVersion = 17.9.34723.18
MinimumVisualStudioVersion = 10.0.40219.1
Project("{FAE04EC0-301F-11D3-BF4B-00C04F79EFBC}") = "Task 4", "Task 4\Task 4.csproj", "{1E046858-983D-43BE-99B1-E9D9EE0D2E1C}"
EndProject
Global
	GlobalSection(SolutionConfigurationPlatforms) = preSolution
		Debug|Any CPU = Debug|Any CPU
		Release|Any CPU = Release|Any CPU
	EndGlobalSection
	GlobalSection(ProjectConfigurationPlatforms) = postSolution
		{1E046858-983D-43BE-99B1-E9D9EE0D2E1C}.Debug|Any CPU.ActiveCfg = Debug|Any CPU
		{1E046858-983D-43BE-99B1-E9D9EE0D2E1C}.Debug|Any CPU.Build.0 = Debug|Any CPU
		{1E046858-983D-43BE-99B1-E9D9EE0D2E1C}.Release|Any CPU.ActiveCfg = Release|Any CPU
		{1E046858-983D-43BE-99B1-E9D9EE0D2E1C}.Release|Any CPU.Build.0 = Release|Any CPU
	EndGlobalSection
	GlobalSection(SolutionProperties) = preSolution
		HideSolutionNode = FALSE
	EndGlobalSection
	GlobalSection(ExtensibilityGlobals) = postSolution
		SolutionGuid = {F2C57C6E-ECCD-4356-A6F3-1F166905F6BF}
	EndGlobalSection
EndGlobal
