
Microsoft Visual Studio Solution File, Format Version 12.00
# Visual Studio Version 17
VisualStudioVersion = 17.9.34723.18
MinimumVisualStudioVersion = 10.0.40219.1
Project("{FAE04EC0-301F-11D3-BF4B-00C04F79EFBC}") = "Task 3", "Task 3\Task 3.csproj", "{98DBA938-D781-4D03-9EBC-FF62F3D32DAB}"
EndProject
Global
	GlobalSection(SolutionConfigurationPlatforms) = preSolution
		Debug|Any CPU = Debug|Any CPU
		Release|Any CPU = Release|Any CPU
	EndGlobalSection
	GlobalSection(ProjectConfigurationPlatforms) = postSolution
		{98DBA938-D781-4D03-9EBC-FF62F3D32DAB}.Debug|Any CPU.ActiveCfg = Debug|Any CPU
		{98DBA938-D781-4D03-9EBC-FF62F3D32DAB}.Debug|Any CPU.Build.0 = Debug|Any CPU
		{98DBA938-D781-4D03-9EBC-FF62F3D32DAB}.Release|Any CPU.ActiveCfg = Release|Any CPU
		{98DBA938-D781-4D03-9EBC-FF62F3D32DAB}.Release|Any CPU.Build.0 = Release|Any CPU
	EndGlobalSection
	GlobalSection(SolutionProperties) = preSolution
		HideSolutionNode = FALSE
	EndGlobalSection
	GlobalSection(ExtensibilityGlobals) = postSolution
		SolutionGuid = {88AA751E-1682-4F41-9484-D27AE6030D2E}
	EndGlobalSection
EndGlobal
